
Microsoft Visual Studio Solution File, Format Version 12.00
# Visual Studio 15
VisualStudioVersion = 15.0.28010.2046
MinimumVisualStudioVersion = 10.0.40219.1
Project("{2150E333-8FDC-42A3-9474-1A3956D46DE8}") = "Data", "Data", "{183C1956-2280-4460-AE99-1623354D19D6}"
EndProject
Project("{2150E333-8FDC-42A3-9474-1A3956D46DE8}") = "Web", "Web", "{370E5BEB-7A89-47C4-BBBB-84A5B9A12944}"
EndProject
Project("{2150E333-8FDC-42A3-9474-1A3956D46DE8}") = "Core", "Core", "{2E6ED9AF-4E05-44BC-800B-B34B2225DE65}"
EndProject
Project("{9A19103F-16F7-4668-BE54-9A1E7A4F7556}") = "Feeder.Data", "Feeder.Data\Feeder.Data.csproj", "{9AB517C8-724E-4B68-99B8-E8C2EC28E89F}"
EndProject
Project("{9A19103F-16F7-4668-BE54-9A1E7A4F7556}") = "Feeder.Core", "Feeder.Business\Feeder.Core.csproj", "{CBCBE145-A321-445E-A185-DBFC83A9AC06}"
EndProject
Project("{9A19103F-16F7-4668-BE54-9A1E7A4F7556}") = "Feeder.Web.API", "Feeder.Web.API\Feeder.Web.API.csproj", "{D738030E-8682-4477-A36E-94410EFE5BB7}"
EndProject
Project("{FAE04EC0-301F-11D3-BF4B-00C04F79EFBC}") = "Feeder.API.Models", "Feeder.API.Models\Feeder.API.Models.csproj", "{2DEA7595-F108-49FB-866A-CC689B898D3C}"
EndProject
Global
	GlobalSection(SolutionConfigurationPlatforms) = preSolution
		Debug|Any CPU = Debug|Any CPU
		Release|Any CPU = Release|Any CPU
	EndGlobalSection
	GlobalSection(ProjectConfigurationPlatforms) = postSolution
		{9AB517C8-724E-4B68-99B8-E8C2EC28E89F}.Debug|Any CPU.ActiveCfg = Debug|Any CPU
		{9AB517C8-724E-4B68-99B8-E8C2EC28E89F}.Debug|Any CPU.Build.0 = Debug|Any CPU
		{9AB517C8-724E-4B68-99B8-E8C2EC28E89F}.Release|Any CPU.ActiveCfg = Release|Any CPU
		{9AB517C8-724E-4B68-99B8-E8C2EC28E89F}.Release|Any CPU.Build.0 = Release|Any CPU
		{CBCBE145-A321-445E-A185-DBFC83A9AC06}.Debug|Any CPU.ActiveCfg = Debug|Any CPU
		{CBCBE145-A321-445E-A185-DBFC83A9AC06}.Debug|Any CPU.Build.0 = Debug|Any CPU
		{CBCBE145-A321-445E-A185-DBFC83A9AC06}.Release|Any CPU.ActiveCfg = Release|Any CPU
		{CBCBE145-A321-445E-A185-DBFC83A9AC06}.Release|Any CPU.Build.0 = Release|Any CPU
		{D738030E-8682-4477-A36E-94410EFE5BB7}.Debug|Any CPU.ActiveCfg = Debug|Any CPU
		{D738030E-8682-4477-A36E-94410EFE5BB7}.Debug|Any CPU.Build.0 = Debug|Any CPU
		{D738030E-8682-4477-A36E-94410EFE5BB7}.Release|Any CPU.ActiveCfg = Release|Any CPU
		{D738030E-8682-4477-A36E-94410EFE5BB7}.Release|Any CPU.Build.0 = Release|Any CPU
		{2DEA7595-F108-49FB-866A-CC689B898D3C}.Debug|Any CPU.ActiveCfg = Debug|Any CPU
		{2DEA7595-F108-49FB-866A-CC689B898D3C}.Debug|Any CPU.Build.0 = Debug|Any CPU
		{2DEA7595-F108-49FB-866A-CC689B898D3C}.Release|Any CPU.ActiveCfg = Release|Any CPU
		{2DEA7595-F108-49FB-866A-CC689B898D3C}.Release|Any CPU.Build.0 = Release|Any CPU
	EndGlobalSection
	GlobalSection(SolutionProperties) = preSolution
		HideSolutionNode = FALSE
	EndGlobalSection
	GlobalSection(NestedProjects) = preSolution
		{9AB517C8-724E-4B68-99B8-E8C2EC28E89F} = {183C1956-2280-4460-AE99-1623354D19D6}
		{CBCBE145-A321-445E-A185-DBFC83A9AC06} = {2E6ED9AF-4E05-44BC-800B-B34B2225DE65}
		{D738030E-8682-4477-A36E-94410EFE5BB7} = {370E5BEB-7A89-47C4-BBBB-84A5B9A12944}
		{2DEA7595-F108-49FB-866A-CC689B898D3C} = {370E5BEB-7A89-47C4-BBBB-84A5B9A12944}
	EndGlobalSection
	GlobalSection(ExtensibilityGlobals) = postSolution
		SolutionGuid = {8E35ACDA-C54B-4150-B5FF-7CB92CFD62AA}
	EndGlobalSection
EndGlobal
